
Microsoft Visual Studio Solution File, Format Version 12.00
# Visual Studio 15
VisualStudioVersion = 15.0.28010.2050
MinimumVisualStudioVersion = 10.0.40219.1
Project("{9A19103F-16F7-4668-BE54-9A1E7A4F7556}") = "GiftVoting.Web", "GiftVoting.WEB\GiftVoting.Web.csproj", "{157B378F-79A1-47D4-9272-F96E4EA6222C}"
EndProject
Project("{9A19103F-16F7-4668-BE54-9A1E7A4F7556}") = "GiftVoting.ApplicationCore", "GiftVoting.ApplicationCore\GiftVoting.ApplicationCore.csproj", "{6AA2B5D4-3C8C-493B-BA5E-0372066BF7CC}"
EndProject
Project("{9A19103F-16F7-4668-BE54-9A1E7A4F7556}") = "GiftVoting.Infrastructure", "GiftVoting.Infrastructure\GiftVoting.Infrastructure.csproj", "{208D3878-CE57-4574-B54D-F8A8DB5A0299}"
EndProject
Global
	GlobalSection(SolutionConfigurationPlatforms) = preSolution
		Debug|Any CPU = Debug|Any CPU
		Release|Any CPU = Release|Any CPU
	EndGlobalSection
	GlobalSection(ProjectConfigurationPlatforms) = postSolution
		{157B378F-79A1-47D4-9272-F96E4EA6222C}.Debug|Any CPU.ActiveCfg = Debug|Any CPU
		{157B378F-79A1-47D4-9272-F96E4EA6222C}.Debug|Any CPU.Build.0 = Debug|Any CPU
		{157B378F-79A1-47D4-9272-F96E4EA6222C}.Release|Any CPU.ActiveCfg = Release|Any CPU
		{157B378F-79A1-47D4-9272-F96E4EA6222C}.Release|Any CPU.Build.0 = Release|Any CPU
		{6AA2B5D4-3C8C-493B-BA5E-0372066BF7CC}.Debug|Any CPU.ActiveCfg = Debug|Any CPU
		{6AA2B5D4-3C8C-493B-BA5E-0372066BF7CC}.Debug|Any CPU.Build.0 = Debug|Any CPU
		{6AA2B5D4-3C8C-493B-BA5E-0372066BF7CC}.Release|Any CPU.ActiveCfg = Release|Any CPU
		{6AA2B5D4-3C8C-493B-BA5E-0372066BF7CC}.Release|Any CPU.Build.0 = Release|Any CPU
		{208D3878-CE57-4574-B54D-F8A8DB5A0299}.Debug|Any CPU.ActiveCfg = Debug|Any CPU
		{208D3878-CE57-4574-B54D-F8A8DB5A0299}.Debug|Any CPU.Build.0 = Debug|Any CPU
		{208D3878-CE57-4574-B54D-F8A8DB5A0299}.Release|Any CPU.ActiveCfg = Release|Any CPU
		{208D3878-CE57-4574-B54D-F8A8DB5A0299}.Release|Any CPU.Build.0 = Release|Any CPU
	EndGlobalSection
	GlobalSection(SolutionProperties) = preSolution
		HideSolutionNode = FALSE
	EndGlobalSection
	GlobalSection(ExtensibilityGlobals) = postSolution
		SolutionGuid = {7BAEC7EB-AE4C-4CAD-AC73-5FB083BA60DE}
	EndGlobalSection
EndGlobal
