
Microsoft Visual Studio Solution File, Format Version 12.00
# Visual Studio 15
VisualStudioVersion = 15.0.28010.2050
MinimumVisualStudioVersion = 10.0.40219.1
Project("{FAE04EC0-301F-11D3-BF4B-00C04F79EFBC}") = "GiftVoting.CORE", "ClassLibrary1\GiftVoting.CORE.csproj", "{669F9DD8-83CA-46F6-B3C9-21B4BA746BAB}"
EndProject
Project("{FAE04EC0-301F-11D3-BF4B-00C04F79EFBC}") = "GiftVoting.DAL", "GiftVoting.DAL\GiftVoting.DAL.csproj", "{63BD264D-A1E1-4783-A2CD-9E0C27992609}"
EndProject
Project("{FAE04EC0-301F-11D3-BF4B-00C04F79EFBC}") = "GiftVoting.WEB", "GiftVoting.WEB\GiftVoting.WEB.csproj", "{157B378F-79A1-47D4-9272-F96E4EA6222C}"
EndProject
Global
	GlobalSection(SolutionConfigurationPlatforms) = preSolution
		Debug|Any CPU = Debug|Any CPU
		Release|Any CPU = Release|Any CPU
	EndGlobalSection
	GlobalSection(ProjectConfigurationPlatforms) = postSolution
		{669F9DD8-83CA-46F6-B3C9-21B4BA746BAB}.Debug|Any CPU.ActiveCfg = Debug|Any CPU
		{669F9DD8-83CA-46F6-B3C9-21B4BA746BAB}.Debug|Any CPU.Build.0 = Debug|Any CPU
		{669F9DD8-83CA-46F6-B3C9-21B4BA746BAB}.Release|Any CPU.ActiveCfg = Release|Any CPU
		{669F9DD8-83CA-46F6-B3C9-21B4BA746BAB}.Release|Any CPU.Build.0 = Release|Any CPU
		{63BD264D-A1E1-4783-A2CD-9E0C27992609}.Debug|Any CPU.ActiveCfg = Debug|Any CPU
		{63BD264D-A1E1-4783-A2CD-9E0C27992609}.Debug|Any CPU.Build.0 = Debug|Any CPU
		{63BD264D-A1E1-4783-A2CD-9E0C27992609}.Release|Any CPU.ActiveCfg = Release|Any CPU
		{63BD264D-A1E1-4783-A2CD-9E0C27992609}.Release|Any CPU.Build.0 = Release|Any CPU
		{157B378F-79A1-47D4-9272-F96E4EA6222C}.Debug|Any CPU.ActiveCfg = Debug|Any CPU
		{157B378F-79A1-47D4-9272-F96E4EA6222C}.Debug|Any CPU.Build.0 = Debug|Any CPU
		{157B378F-79A1-47D4-9272-F96E4EA6222C}.Release|Any CPU.ActiveCfg = Release|Any CPU
		{157B378F-79A1-47D4-9272-F96E4EA6222C}.Release|Any CPU.Build.0 = Release|Any CPU
	EndGlobalSection
	GlobalSection(SolutionProperties) = preSolution
		HideSolutionNode = FALSE
	EndGlobalSection
	GlobalSection(ExtensibilityGlobals) = postSolution
		SolutionGuid = {7BAEC7EB-AE4C-4CAD-AC73-5FB083BA60DE}
	EndGlobalSection
EndGlobal
